
Microsoft Visual Studio Solution File, Format Version 12.00
# Visual Studio Version 16
VisualStudioVersion = 16.0.29326.143
MinimumVisualStudioVersion = 10.0.40219.1
Project("{FAE04EC0-301F-11D3-BF4B-00C04F79EFBC}") = "AdventOfCode", "AdventOfCode\AdventOfCode.csproj", "{2A5DD2F8-ACF1-493B-B0D8-B2F30626E6DA}"
EndProject
Global
	GlobalSection(SolutionConfigurationPlatforms) = preSolution
		Debug|Any CPU = Debug|Any CPU
		Release|Any CPU = Release|Any CPU
	EndGlobalSection
	GlobalSection(ProjectConfigurationPlatforms) = postSolution
		{2A5DD2F8-ACF1-493B-B0D8-B2F30626E6DA}.Debug|Any CPU.ActiveCfg = Debug|Any CPU
		{2A5DD2F8-ACF1-493B-B0D8-B2F30626E6DA}.Debug|Any CPU.Build.0 = Debug|Any CPU
		{2A5DD2F8-ACF1-493B-B0D8-B2F30626E6DA}.Release|Any CPU.ActiveCfg = Release|Any CPU
		{2A5DD2F8-ACF1-493B-B0D8-B2F30626E6DA}.Release|Any CPU.Build.0 = Release|Any CPU
	EndGlobalSection
	GlobalSection(SolutionProperties) = preSolution
		HideSolutionNode = FALSE
	EndGlobalSection
	GlobalSection(ExtensibilityGlobals) = postSolution
		SolutionGuid = {84AE98F1-BB32-4775-AD5C-675E21B18F61}
	EndGlobalSection
EndGlobal
